// !$*UTF8*$!
{
	archiveVersion = 1;
	classes = {
	};
	objectVersion = 46;
	objects = {

/* Begin PBXBuildFile section */
		D0E067151D81C68A0001FCFF /* AppDelegate.swift in Sources */ = {isa = PBXBuildFile; fileRef = D0E067141D81C68A0001FCFF /* AppDelegate.swift */; };
		D0E0671A1D81C68A0001FCFF /* Main.storyboard in Resources */ = {isa = PBXBuildFile; fileRef = D0E067181D81C68A0001FCFF /* Main.storyboard */; };
		D0E0671C1D81C68A0001FCFF /* Assets.xcassets in Resources */ = {isa = PBXBuildFile; fileRef = D0E0671B1D81C68A0001FCFF /* Assets.xcassets */; };
		D0E0671F1D81C68A0001FCFF /* LaunchScreen.storyboard in Resources */ = {isa = PBXBuildFile; fileRef = D0E0671D1D81C68A0001FCFF /* LaunchScreen.storyboard */; };
		D0E067271D81C8740001FCFF /* NetworkController.swift in Sources */ = {isa = PBXBuildFile; fileRef = D0E067261D81C8740001FCFF /* NetworkController.swift */; };
		D0E0672D1D81C8A90001FCFF /* SurveyViewController.swift in Sources */ = {isa = PBXBuildFile; fileRef = D0E0672C1D81C8A90001FCFF /* SurveyViewController.swift */; };
		D0E0672F1D81C8BA0001FCFF /* ResponseTableViewController.swift in Sources */ = {isa = PBXBuildFile; fileRef = D0E0672E1D81C8BA0001FCFF /* ResponseTableViewController.swift */; };
		D0E067311D81CDE20001FCFF /* Response.swift in Sources */ = {isa = PBXBuildFile; fileRef = D0E067301D81CDE20001FCFF /* Response.swift */; };
		D0E067331D81CDF60001FCFF /* ResponseController.swift in Sources */ = {isa = PBXBuildFile; fileRef = D0E067321D81CDF60001FCFF /* ResponseController.swift */; };
/* End PBXBuildFile section */

/* Begin PBXFileReference section */
		D0E067111D81C68A0001FCFF /* Survey2.0.app */ = {isa = PBXFileReference; explicitFileType = wrapper.application; includeInIndex = 0; path = Survey2.0.app; sourceTree = BUILT_PRODUCTS_DIR; };
		D0E067141D81C68A0001FCFF /* AppDelegate.swift */ = {isa = PBXFileReference; lastKnownFileType = sourcecode.swift; path = AppDelegate.swift; sourceTree = "<group>"; };
		D0E067191D81C68A0001FCFF /* Base */ = {isa = PBXFileReference; lastKnownFileType = file.storyboard; name = Base; path = Base.lproj/Main.storyboard; sourceTree = "<group>"; };
		D0E0671B1D81C68A0001FCFF /* Assets.xcassets */ = {isa = PBXFileReference; lastKnownFileType = folder.assetcatalog; path = Assets.xcassets; sourceTree = "<group>"; };
		D0E0671E1D81C68A0001FCFF /* Base */ = {isa = PBXFileReference; lastKnownFileType = file.storyboard; name = Base; path = Base.lproj/LaunchScreen.storyboard; sourceTree = "<group>"; };
		D0E067201D81C68A0001FCFF /* Info.plist */ = {isa = PBXFileReference; lastKnownFileType = text.plist.xml; path = Info.plist; sourceTree = "<group>"; };
		D0E067261D81C8740001FCFF /* NetworkController.swift */ = {isa = PBXFileReference; fileEncoding = 4; lastKnownFileType = sourcecode.swift; path = NetworkController.swift; sourceTree = "<group>"; };
		D0E0672C1D81C8A90001FCFF /* SurveyViewController.swift */ = {isa = PBXFileReference; fileEncoding = 4; lastKnownFileType = sourcecode.swift; path = SurveyViewController.swift; sourceTree = "<group>"; };
		D0E0672E1D81C8BA0001FCFF /* ResponseTableViewController.swift */ = {isa = PBXFileReference; fileEncoding = 4; lastKnownFileType = sourcecode.swift; path = ResponseTableViewController.swift; sourceTree = "<group>"; };
		D0E067301D81CDE20001FCFF /* Response.swift */ = {isa = PBXFileReference; fileEncoding = 4; lastKnownFileType = sourcecode.swift; name = Response.swift; path = ../Response.swift; sourceTree = "<group>"; };
		D0E067321D81CDF60001FCFF /* ResponseController.swift */ = {isa = PBXFileReference; fileEncoding = 4; lastKnownFileType = sourcecode.swift; name = ResponseController.swift; path = ../ResponseController.swift; sourceTree = "<group>"; };
/* End PBXFileReference section */

/* Begin PBXFrameworksBuildPhase section */
		D0E0670E1D81C68A0001FCFF /* Frameworks */ = {
			isa = PBXFrameworksBuildPhase;
			buildActionMask = 2147483647;
			files = (
			);
			runOnlyForDeploymentPostprocessing = 0;
		};
/* End PBXFrameworksBuildPhase section */

/* Begin PBXGroup section */
		D0E067081D81C68A0001FCFF = {
			isa = PBXGroup;
			children = (
				D0E067131D81C68A0001FCFF /* Survey2.0 */,
				D0E067121D81C68A0001FCFF /* Products */,
			);
			sourceTree = "<group>";
		};
		D0E067121D81C68A0001FCFF /* Products */ = {
			isa = PBXGroup;
			children = (
				D0E067111D81C68A0001FCFF /* Survey2.0.app */,
			);
			name = Products;
			sourceTree = "<group>";
		};
		D0E067131D81C68A0001FCFF /* Survey2.0 */ = {
			isa = PBXGroup;
			children = (
				D0E067141D81C68A0001FCFF /* AppDelegate.swift */,
				D0E067181D81C68A0001FCFF /* Main.storyboard */,
				D0E067261D81C8740001FCFF /* NetworkController.swift */,
				D0E067321D81CDF60001FCFF /* ResponseController.swift */,
				D0E067301D81CDE20001FCFF /* Response.swift */,
				D0E0672C1D81C8A90001FCFF /* SurveyViewController.swift */,
				D0E0672E1D81C8BA0001FCFF /* ResponseTableViewController.swift */,
				D0E0671B1D81C68A0001FCFF /* Assets.xcassets */,
				D0E0671D1D81C68A0001FCFF /* LaunchScreen.storyboard */,
				D0E067201D81C68A0001FCFF /* Info.plist */,
			);
			path = Survey2.0;
			sourceTree = "<group>";
		};
/* End PBXGroup section */

/* Begin PBXNativeTarget section */
		D0E067101D81C68A0001FCFF /* Survey2.0 */ = {
			isa = PBXNativeTarget;
			buildConfigurationList = D0E067231D81C68A0001FCFF /* Build configuration list for PBXNativeTarget "Survey2.0" */;
			buildPhases = (
				D0E0670D1D81C68A0001FCFF /* Sources */,
				D0E0670E1D81C68A0001FCFF /* Frameworks */,
				D0E0670F1D81C68A0001FCFF /* Resources */,
			);
			buildRules = (
			);
			dependencies = (
			);
			name = Survey2.0;
			productName = Survey2.0;
			productReference = D0E067111D81C68A0001FCFF /* Survey2.0.app */;
			productType = "com.apple.product-type.application";
		};
/* End PBXNativeTarget section */

/* Begin PBXProject section */
		D0E067091D81C68A0001FCFF /* Project object */ = {
			isa = PBXProject;
			attributes = {
				LastSwiftUpdateCheck = 0730;
				LastUpgradeCheck = 0730;
				ORGANIZATIONNAME = "Justin Carver";
				TargetAttributes = {
					D0E067101D81C68A0001FCFF = {
						CreatedOnToolsVersion = 7.3.1;
						DevelopmentTeam = CWLLFTCWHP;
					};
				};
			};
			buildConfigurationList = D0E0670C1D81C68A0001FCFF /* Build configuration list for PBXProject "Survey2.0" */;
			compatibilityVersion = "Xcode 3.2";
			developmentRegion = English;
			hasScannedForEncodings = 0;
			knownRegions = (
				en,
				Base,
			);
			mainGroup = D0E067081D81C68A0001FCFF;
			productRefGroup = D0E067121D81C68A0001FCFF /* Products */;
			projectDirPath = "";
			projectRoot = "";
			targets = (
				D0E067101D81C68A0001FCFF /* Survey2.0 */,
			);
		};
/* End PBXProject section */

/* Begin PBXResourcesBuildPhase section */
		D0E0670F1D81C68A0001FCFF /* Resources */ = {
			isa = PBXResourcesBuildPhase;
			buildActionMask = 2147483647;
			files = (
				D0E0671F1D81C68A0001FCFF /* LaunchScreen.storyboard in Resources */,
				D0E0671C1D81C68A0001FCFF /* Assets.xcassets in Resources */,
				D0E0671A1D81C68A0001FCFF /* Main.storyboard in Resources */,
			);
			runOnlyForDeploymentPostprocessing = 0;
		};
/* End PBXResourcesBuildPhase section */

/* Begin PBXSourcesBuildPhase section */
		D0E0670D1D81C68A0001FCFF /* Sources */ = {
			isa = PBXSourcesBuildPhase;
			buildActionMask = 2147483647;
			files = (
				D0E067331D81CDF60001FCFF /* ResponseController.swift in Sources */,
				D0E067271D81C8740001FCFF /* NetworkController.swift in Sources */,
				D0E067151D81C68A0001FCFF /* AppDelegate.swift in Sources */,
				D0E0672F1D81C8BA0001FCFF /* ResponseTableViewController.swift in Sources */,
				D0E0672D1D81C8A90001FCFF /* SurveyViewController.swift in Sources */,
				D0E067311D81CDE20001FCFF /* Response.swift in Sources */,
			);
			runOnlyForDeploymentPostprocessing = 0;
		};
/* End PBXSourcesBuildPhase section */

/* Begin PBXVariantGroup section */
		D0E067181D81C68A0001FCFF /* Main.storyboard */ = {
			isa = PBXVariantGroup;
			children = (
				D0E067191D81C68A0001FCFF /* Base */,
			);
			name = Main.storyboard;
			sourceTree = "<group>";
		};
		D0E0671D1D81C68A0001FCFF /* LaunchScreen.storyboard */ = {
			isa = PBXVariantGroup;
			children = (
				D0E0671E1D81C68A0001FCFF /* Base */,
			);
			name = LaunchScreen.storyboard;
			sourceTree = "<group>";
		};
/* End PBXVariantGroup section */

/* Begin XCBuildConfiguration section */
		D0E067211D81C68A0001FCFF /* Debug */ = {
			isa = XCBuildConfiguration;
			buildSettings = {
				ALWAYS_SEARCH_USER_PATHS = NO;
				CLANG_ANALYZER_NONNULL = YES;
				CLANG_CXX_LANGUAGE_STANDARD = "gnu++0x";
				CLANG_CXX_LIBRARY = "libc++";
				CLANG_ENABLE_MODULES = YES;
				CLANG_ENABLE_OBJC_ARC = YES;
				CLANG_WARN_BOOL_CONVERSION = YES;
				CLANG_WARN_CONSTANT_CONVERSION = YES;
				CLANG_WARN_DIRECT_OBJC_ISA_USAGE = YES_ERROR;
				CLANG_WARN_EMPTY_BODY = YES;
				CLANG_WARN_ENUM_CONVERSION = YES;
				CLANG_WARN_INT_CONVERSION = YES;
				CLANG_WARN_OBJC_ROOT_CLASS = YES_ERROR;
				CLANG_WARN_UNREACHABLE_CODE = YES;
				CLANG_WARN__DUPLICATE_METHOD_MATCH = YES;
				"CODE_SIGN_IDENTITY[sdk=iphoneos*]" = "iPhone Developer";
				COPY_PHASE_STRIP = NO;
				DEBUG_INFORMATION_FORMAT = dwarf;
				ENABLE_STRICT_OBJC_MSGSEND = YES;
				ENABLE_TESTABILITY = YES;
				GCC_C_LANGUAGE_STANDARD = gnu99;
				GCC_DYNAMIC_NO_PIC = NO;
				GCC_NO_COMMON_BLOCKS = YES;
				GCC_OPTIMIZATION_LEVEL = 0;
				GCC_PREPROCESSOR_DEFINITIONS = (
					"DEBUG=1",
					"$(inherited)",
				);
				GCC_WARN_64_TO_32_BIT_CONVERSION = YES;
				GCC_WARN_ABOUT_RETURN_TYPE = YES_ERROR;
				GCC_WARN_UNDECLARED_SELECTOR = YES;
				GCC_WARN_UNINITIALIZED_AUTOS = YES_AGGRESSIVE;
				GCC_WARN_UNUSED_FUNCTION = YES;
				GCC_WARN_UNUSED_VARIABLE = YES;
				IPHONEOS_DEPLOYMENT_TARGET = 9.3;
				MTL_ENABLE_DEBUG_INFO = YES;
				ONLY_ACTIVE_ARCH = YES;
				SDKROOT = iphoneos;
				SWIFT_OPTIMIZATION_LEVEL = "-Onone";
				TARGETED_DEVICE_FAMILY = "1,2";
			};
			name = Debug;
		};
		D0E067221D81C68A0001FCFF /* Release */ = {
			isa = XCBuildConfiguration;
			buildSettings = {
				ALWAYS_SEARCH_USER_PATHS = NO;
				CLANG_ANALYZER_NONNULL = YES;
				CLANG_CXX_LANGUAGE_STANDARD = "gnu++0x";
				CLANG_CXX_LIBRARY = "libc++";
				CLANG_ENABLE_MODULES = YES;
				CLANG_ENABLE_OBJC_ARC = YES;
				CLANG_WARN_BOOL_CONVERSION = YES;
				CLANG_WARN_CONSTANT_CONVERSION = YES;
				CLANG_WARN_DIRECT_OBJC_ISA_USAGE = YES_ERROR;
				CLANG_WARN_EMPTY_BODY = YES;
				CLANG_WARN_ENUM_CONVERSION = YES;
				CLANG_WARN_INT_CONVERSION = YES;
				CLANG_WARN_OBJC_ROOT_CLASS = YES_ERROR;
				CLANG_WARN_UNREACHABLE_CODE = YES;
				CLANG_WARN__DUPLICATE_METHOD_MATCH = YES;
				"CODE_SIGN_IDENTITY[sdk=iphoneos*]" = "iPhone Developer";
				COPY_PHASE_STRIP = NO;
				DEBUG_INFORMATION_FORMAT = "dwarf-with-dsym";
				ENABLE_NS_ASSERTIONS = NO;
				ENABLE_STRICT_OBJC_MSGSEND = YES;
				GCC_C_LANGUAGE_STANDARD = gnu99;
				GCC_NO_COMMON_BLOCKS = YES;
				GCC_WARN_64_TO_32_BIT_CONVERSION = YES;
				GCC_WARN_ABOUT_RETURN_TYPE = YES_ERROR;
				GCC_WARN_UNDECLARED_SELECTOR = YES;
				GCC_WARN_UNINITIALIZED_AUTOS = YES_AGGRESSIVE;
				GCC_WARN_UNUSED_FUNCTION = YES;
				GCC_WARN_UNUSED_VARIABLE = YES;
				IPHONEOS_DEPLOYMENT_TARGET = 9.3;
				MTL_ENABLE_DEBUG_INFO = NO;
				SDKROOT = iphoneos;
				TARGETED_DEVICE_FAMILY = "1,2";
				VALIDATE_PRODUCT = YES;
			};
			name = Release;
		};
		D0E067241D81C68A0001FCFF /* Debug */ = {
			isa = XCBuildConfiguration;
			buildSettings = {
				ASSETCATALOG_COMPILER_APPICON_NAME = AppIcon;
				INFOPLIST_FILE = Survey2.0/Info.plist;
				LD_RUNPATH_SEARCH_PATHS = "$(inherited) @executable_path/Frameworks";
				PRODUCT_BUNDLE_IDENTIFIER = "com.JustinCarver.Survey2-0";
				PRODUCT_NAME = "$(TARGET_NAME)";
			};
			name = Debug;
		};
		D0E067251D81C68A0001FCFF /* Release */ = {
			isa = XCBuildConfiguration;
			buildSettings = {
				ASSETCATALOG_COMPILER_APPICON_NAME = AppIcon;
				INFOPLIST_FILE = Survey2.0/Info.plist;
				LD_RUNPATH_SEARCH_PATHS = "$(inherited) @executable_path/Frameworks";
				PRODUCT_BUNDLE_IDENTIFIER = "com.JustinCarver.Survey2-0";
				PRODUCT_NAME = "$(TARGET_NAME)";
			};
			name = Release;
		};
/* End XCBuildConfiguration section */

/* Begin XCConfigurationList section */
		D0E0670C1D81C68A0001FCFF /* Build configuration list for PBXProject "Survey2.0" */ = {
			isa = XCConfigurationList;
			buildConfigurations = (
				D0E067211D81C68A0001FCFF /* Debug */,
				D0E067221D81C68A0001FCFF /* Release */,
			);
			defaultConfigurationIsVisible = 0;
			defaultConfigurationName = Release;
		};
		D0E067231D81C68A0001FCFF /* Build configuration list for PBXNativeTarget "Survey2.0" */ = {
			isa = XCConfigurationList;
			buildConfigurations = (
				D0E067241D81C68A0001FCFF /* Debug */,
				D0E067251D81C68A0001FCFF /* Release */,
			);
			defaultConfigurationIsVisible = 0;
		};
/* End XCConfigurationList section */
	};
	rootObject = D0E067091D81C68A0001FCFF /* Project object */;
}
